{
  "version": 2,
  "packages": {
    "illwill": {
      "version": "0.3.0",
      "vcsRevision": "8b668f0d38acbffe1f9aacab8ba4f418bca5417c",
      "url": "https://github.com/johnnovak/illwill",
      "downloadMethod": "git",
      "dependencies": [],
      "checksums": {
        "sha1": "887f34c85ee6ab1f4e51f8abbf23570c9f542202"
      }
    }
  },
  "tasks": {}
}
